// !$*UTF8*$!
{
	archiveVersion = 1;
	classes = {
	};
	objectVersion = 51;
	objects = {

/* Begin PBXBuildFile section */
		18712BA363632FAB6A2C5D1B /* Pods_MVVMRxSwiftTest.framework in Frameworks */ = {isa = PBXBuildFile; fileRef = D040AFFD2137DF3D359ABF34 /* Pods_MVVMRxSwiftTest.framework */; };
		73828C1C256BD22400235EFF /* AppDelegate.swift in Sources */ = {isa = PBXBuildFile; fileRef = 73828C1B256BD22400235EFF /* AppDelegate.swift */; };
		73828C1E256BD22400235EFF /* SceneDelegate.swift in Sources */ = {isa = PBXBuildFile; fileRef = 73828C1D256BD22400235EFF /* SceneDelegate.swift */; };
		73828C20256BD22400235EFF /* CounterViewController.swift in Sources */ = {isa = PBXBuildFile; fileRef = 73828C1F256BD22400235EFF /* CounterViewController.swift */; };
		73828C23256BD22400235EFF /* Main.storyboard in Resources */ = {isa = PBXBuildFile; fileRef = 73828C21256BD22400235EFF /* Main.storyboard */; };
		73828C25256BD22A00235EFF /* Assets.xcassets in Resources */ = {isa = PBXBuildFile; fileRef = 73828C24256BD22A00235EFF /* Assets.xcassets */; };
		73828C28256BD22A00235EFF /* LaunchScreen.storyboard in Resources */ = {isa = PBXBuildFile; fileRef = 73828C26256BD22A00235EFF /* LaunchScreen.storyboard */; };
		73828C33256BD22A00235EFF /* MVVMRxSwiftTestTests.swift in Sources */ = {isa = PBXBuildFile; fileRef = 73828C32256BD22A00235EFF /* MVVMRxSwiftTestTests.swift */; };
		73828C3E256BD22A00235EFF /* MVVMRxSwiftTestUITests.swift in Sources */ = {isa = PBXBuildFile; fileRef = 73828C3D256BD22A00235EFF /* MVVMRxSwiftTestUITests.swift */; };
		73828C5E256BD4E700235EFF /* CounterViewModel.swift in Sources */ = {isa = PBXBuildFile; fileRef = 73828C5D256BD4E700235EFF /* CounterViewModel.swift */; };
		EF0A62DB24C77D4CC3E755AA /* Pods_MVVMRxSwiftTestTests.framework in Frameworks */ = {isa = PBXBuildFile; fileRef = E4AF637DEFD4BCDD464A7ED0 /* Pods_MVVMRxSwiftTestTests.framework */; };
/* End PBXBuildFile section */

/* Begin PBXContainerItemProxy section */
		73828C2F256BD22A00235EFF /* PBXContainerItemProxy */ = {
			isa = PBXContainerItemProxy;
			containerPortal = 73828C10256BD22400235EFF /* Project object */;
			proxyType = 1;
			remoteGlobalIDString = 73828C17256BD22400235EFF;
			remoteInfo = MVVMRxSwiftTest;
		};
		73828C3A256BD22A00235EFF /* PBXContainerItemProxy */ = {
			isa = PBXContainerItemProxy;
			containerPortal = 73828C10256BD22400235EFF /* Project object */;
			proxyType = 1;
			remoteGlobalIDString = 73828C17256BD22400235EFF;
			remoteInfo = MVVMRxSwiftTest;
		};
/* End PBXContainerItemProxy section */

/* Begin PBXFileReference section */
		0C62E2B5BFF11EA081E6ACD9 /* Pods-MVVMRxSwiftTestTests.debug.xcconfig */ = {isa = PBXFileReference; includeInIndex = 1; lastKnownFileType = text.xcconfig; name = "Pods-MVVMRxSwiftTestTests.debug.xcconfig"; path = "Target Support Files/Pods-MVVMRxSwiftTestTests/Pods-MVVMRxSwiftTestTests.debug.xcconfig"; sourceTree = "<group>"; };
		73828C18256BD22400235EFF /* MVVMRxSwiftTest.app */ = {isa = PBXFileReference; explicitFileType = wrapper.application; includeInIndex = 0; path = MVVMRxSwiftTest.app; sourceTree = BUILT_PRODUCTS_DIR; };
		73828C1B256BD22400235EFF /* AppDelegate.swift */ = {isa = PBXFileReference; lastKnownFileType = sourcecode.swift; path = AppDelegate.swift; sourceTree = "<group>"; };
		73828C1D256BD22400235EFF /* SceneDelegate.swift */ = {isa = PBXFileReference; lastKnownFileType = sourcecode.swift; path = SceneDelegate.swift; sourceTree = "<group>"; };
		73828C1F256BD22400235EFF /* CounterViewController.swift */ = {isa = PBXFileReference; lastKnownFileType = sourcecode.swift; path = CounterViewController.swift; sourceTree = "<group>"; };
		73828C22256BD22400235EFF /* Base */ = {isa = PBXFileReference; lastKnownFileType = file.storyboard; name = Base; path = Base.lproj/Main.storyboard; sourceTree = "<group>"; };
		73828C24256BD22A00235EFF /* Assets.xcassets */ = {isa = PBXFileReference; lastKnownFileType = folder.assetcatalog; path = Assets.xcassets; sourceTree = "<group>"; };
		73828C27256BD22A00235EFF /* Base */ = {isa = PBXFileReference; lastKnownFileType = file.storyboard; name = Base; path = Base.lproj/LaunchScreen.storyboard; sourceTree = "<group>"; };
		73828C29256BD22A00235EFF /* Info.plist */ = {isa = PBXFileReference; lastKnownFileType = text.plist.xml; path = Info.plist; sourceTree = "<group>"; };
		73828C2E256BD22A00235EFF /* MVVMRxSwiftTestTests.xctest */ = {isa = PBXFileReference; explicitFileType = wrapper.cfbundle; includeInIndex = 0; path = MVVMRxSwiftTestTests.xctest; sourceTree = BUILT_PRODUCTS_DIR; };
		73828C32256BD22A00235EFF /* MVVMRxSwiftTestTests.swift */ = {isa = PBXFileReference; lastKnownFileType = sourcecode.swift; path = MVVMRxSwiftTestTests.swift; sourceTree = "<group>"; };
		73828C34256BD22A00235EFF /* Info.plist */ = {isa = PBXFileReference; lastKnownFileType = text.plist.xml; path = Info.plist; sourceTree = "<group>"; };
		73828C39256BD22A00235EFF /* MVVMRxSwiftTestUITests.xctest */ = {isa = PBXFileReference; explicitFileType = wrapper.cfbundle; includeInIndex = 0; path = MVVMRxSwiftTestUITests.xctest; sourceTree = BUILT_PRODUCTS_DIR; };
		73828C3D256BD22A00235EFF /* MVVMRxSwiftTestUITests.swift */ = {isa = PBXFileReference; lastKnownFileType = sourcecode.swift; path = MVVMRxSwiftTestUITests.swift; sourceTree = "<group>"; };
		73828C3F256BD22A00235EFF /* Info.plist */ = {isa = PBXFileReference; lastKnownFileType = text.plist.xml; path = Info.plist; sourceTree = "<group>"; };
		73828C5D256BD4E700235EFF /* CounterViewModel.swift */ = {isa = PBXFileReference; lastKnownFileType = sourcecode.swift; path = CounterViewModel.swift; sourceTree = "<group>"; };
		75AC9D779D2F3B4942726F9D /* Pods-MVVMRxSwiftTest.debug.xcconfig */ = {isa = PBXFileReference; includeInIndex = 1; lastKnownFileType = text.xcconfig; name = "Pods-MVVMRxSwiftTest.debug.xcconfig"; path = "Target Support Files/Pods-MVVMRxSwiftTest/Pods-MVVMRxSwiftTest.debug.xcconfig"; sourceTree = "<group>"; };
		8ED045ED34C18E285A360A63 /* Pods-MVVMRxSwiftTestTests.release.xcconfig */ = {isa = PBXFileReference; includeInIndex = 1; lastKnownFileType = text.xcconfig; name = "Pods-MVVMRxSwiftTestTests.release.xcconfig"; path = "Target Support Files/Pods-MVVMRxSwiftTestTests/Pods-MVVMRxSwiftTestTests.release.xcconfig"; sourceTree = "<group>"; };
		D040AFFD2137DF3D359ABF34 /* Pods_MVVMRxSwiftTest.framework */ = {isa = PBXFileReference; explicitFileType = wrapper.framework; includeInIndex = 0; path = Pods_MVVMRxSwiftTest.framework; sourceTree = BUILT_PRODUCTS_DIR; };
		D04CBCC3958BF658E9625821 /* Pods-MVVMRxSwiftTest.release.xcconfig */ = {isa = PBXFileReference; includeInIndex = 1; lastKnownFileType = text.xcconfig; name = "Pods-MVVMRxSwiftTest.release.xcconfig"; path = "Target Support Files/Pods-MVVMRxSwiftTest/Pods-MVVMRxSwiftTest.release.xcconfig"; sourceTree = "<group>"; };
		E4AF637DEFD4BCDD464A7ED0 /* Pods_MVVMRxSwiftTestTests.framework */ = {isa = PBXFileReference; explicitFileType = wrapper.framework; includeInIndex = 0; path = Pods_MVVMRxSwiftTestTests.framework; sourceTree = BUILT_PRODUCTS_DIR; };
/* End PBXFileReference section */

/* Begin PBXFrameworksBuildPhase section */
		73828C15256BD22400235EFF /* Frameworks */ = {
			isa = PBXFrameworksBuildPhase;
			buildActionMask = 2147483647;
			files = (
				18712BA363632FAB6A2C5D1B /* Pods_MVVMRxSwiftTest.framework in Frameworks */,
			);
			runOnlyForDeploymentPostprocessing = 0;
		};
		73828C2B256BD22A00235EFF /* Frameworks */ = {
			isa = PBXFrameworksBuildPhase;
			buildActionMask = 2147483647;
			files = (
				EF0A62DB24C77D4CC3E755AA /* Pods_MVVMRxSwiftTestTests.framework in Frameworks */,
			);
			runOnlyForDeploymentPostprocessing = 0;
		};
		73828C36256BD22A00235EFF /* Frameworks */ = {
			isa = PBXFrameworksBuildPhase;
			buildActionMask = 2147483647;
			files = (
			);
			runOnlyForDeploymentPostprocessing = 0;
		};
/* End PBXFrameworksBuildPhase section */

/* Begin PBXGroup section */
		73828C0F256BD22400235EFF = {
			isa = PBXGroup;
			children = (
				73828C1A256BD22400235EFF /* MVVMRxSwiftTest */,
				73828C31256BD22A00235EFF /* MVVMRxSwiftTestTests */,
				73828C3C256BD22A00235EFF /* MVVMRxSwiftTestUITests */,
				73828C19256BD22400235EFF /* Products */,
				C98F7CA44C047644842B511F /* Pods */,
				957498C29B6EB774CC65D87D /* Frameworks */,
			);
			sourceTree = "<group>";
		};
		73828C19256BD22400235EFF /* Products */ = {
			isa = PBXGroup;
			children = (
				73828C18256BD22400235EFF /* MVVMRxSwiftTest.app */,
				73828C2E256BD22A00235EFF /* MVVMRxSwiftTestTests.xctest */,
				73828C39256BD22A00235EFF /* MVVMRxSwiftTestUITests.xctest */,
			);
			name = Products;
			sourceTree = "<group>";
		};
		73828C1A256BD22400235EFF /* MVVMRxSwiftTest */ = {
			isa = PBXGroup;
			children = (
				73828C59256BD4A300235EFF /* ViewModel */,
				73828C1B256BD22400235EFF /* AppDelegate.swift */,
				73828C1D256BD22400235EFF /* SceneDelegate.swift */,
				73828C1F256BD22400235EFF /* CounterViewController.swift */,
				73828C21256BD22400235EFF /* Main.storyboard */,
				73828C24256BD22A00235EFF /* Assets.xcassets */,
				73828C26256BD22A00235EFF /* LaunchScreen.storyboard */,
				73828C29256BD22A00235EFF /* Info.plist */,
			);
			path = MVVMRxSwiftTest;
			sourceTree = "<group>";
		};
		73828C31256BD22A00235EFF /* MVVMRxSwiftTestTests */ = {
			isa = PBXGroup;
			children = (
				73828C32256BD22A00235EFF /* MVVMRxSwiftTestTests.swift */,
				73828C34256BD22A00235EFF /* Info.plist */,
			);
			path = MVVMRxSwiftTestTests;
			sourceTree = "<group>";
		};
		73828C3C256BD22A00235EFF /* MVVMRxSwiftTestUITests */ = {
			isa = PBXGroup;
			children = (
				73828C3D256BD22A00235EFF /* MVVMRxSwiftTestUITests.swift */,
				73828C3F256BD22A00235EFF /* Info.plist */,
			);
			path = MVVMRxSwiftTestUITests;
			sourceTree = "<group>";
		};
		73828C59256BD4A300235EFF /* ViewModel */ = {
			isa = PBXGroup;
			children = (
				73828C5D256BD4E700235EFF /* CounterViewModel.swift */,
			);
			path = ViewModel;
			sourceTree = "<group>";
		};
		957498C29B6EB774CC65D87D /* Frameworks */ = {
			isa = PBXGroup;
			children = (
				D040AFFD2137DF3D359ABF34 /* Pods_MVVMRxSwiftTest.framework */,
				E4AF637DEFD4BCDD464A7ED0 /* Pods_MVVMRxSwiftTestTests.framework */,
			);
			name = Frameworks;
			sourceTree = "<group>";
		};
		C98F7CA44C047644842B511F /* Pods */ = {
			isa = PBXGroup;
			children = (
				75AC9D779D2F3B4942726F9D /* Pods-MVVMRxSwiftTest.debug.xcconfig */,
				D04CBCC3958BF658E9625821 /* Pods-MVVMRxSwiftTest.release.xcconfig */,
				0C62E2B5BFF11EA081E6ACD9 /* Pods-MVVMRxSwiftTestTests.debug.xcconfig */,
				8ED045ED34C18E285A360A63 /* Pods-MVVMRxSwiftTestTests.release.xcconfig */,
			);
			path = Pods;
			sourceTree = "<group>";
		};
/* End PBXGroup section */

/* Begin PBXNativeTarget section */
		73828C17256BD22400235EFF /* MVVMRxSwiftTest */ = {
			isa = PBXNativeTarget;
			buildConfigurationList = 73828C42256BD22A00235EFF /* Build configuration list for PBXNativeTarget "MVVMRxSwiftTest" */;
			buildPhases = (
				80EC5BBEC507E717C52C4660 /* [CP] Check Pods Manifest.lock */,
				73828C14256BD22400235EFF /* Sources */,
				73828C15256BD22400235EFF /* Frameworks */,
				73828C16256BD22400235EFF /* Resources */,
				CBA0647716C95A5F613D298D /* [CP] Embed Pods Frameworks */,
			);
			buildRules = (
			);
			dependencies = (
			);
			name = MVVMRxSwiftTest;
			productName = MVVMRxSwiftTest;
			productReference = 73828C18256BD22400235EFF /* MVVMRxSwiftTest.app */;
			productType = "com.apple.product-type.application";
		};
		73828C2D256BD22A00235EFF /* MVVMRxSwiftTestTests */ = {
			isa = PBXNativeTarget;
			buildConfigurationList = 73828C45256BD22A00235EFF /* Build configuration list for PBXNativeTarget "MVVMRxSwiftTestTests" */;
			buildPhases = (
				B6F610B73540EDB26B6EA403 /* [CP] Check Pods Manifest.lock */,
				73828C2A256BD22A00235EFF /* Sources */,
				73828C2B256BD22A00235EFF /* Frameworks */,
				73828C2C256BD22A00235EFF /* Resources */,
				1D062BC4DDD8848577498F0E /* [CP] Embed Pods Frameworks */,
			);
			buildRules = (
			);
			dependencies = (
				73828C30256BD22A00235EFF /* PBXTargetDependency */,
			);
			name = MVVMRxSwiftTestTests;
			productName = MVVMRxSwiftTestTests;
			productReference = 73828C2E256BD22A00235EFF /* MVVMRxSwiftTestTests.xctest */;
			productType = "com.apple.product-type.bundle.unit-test";
		};
		73828C38256BD22A00235EFF /* MVVMRxSwiftTestUITests */ = {
			isa = PBXNativeTarget;
			buildConfigurationList = 73828C48256BD22A00235EFF /* Build configuration list for PBXNativeTarget "MVVMRxSwiftTestUITests" */;
			buildPhases = (
				73828C35256BD22A00235EFF /* Sources */,
				73828C36256BD22A00235EFF /* Frameworks */,
				73828C37256BD22A00235EFF /* Resources */,
			);
			buildRules = (
			);
			dependencies = (
				73828C3B256BD22A00235EFF /* PBXTargetDependency */,
			);
			name = MVVMRxSwiftTestUITests;
			productName = MVVMRxSwiftTestUITests;
			productReference = 73828C39256BD22A00235EFF /* MVVMRxSwiftTestUITests.xctest */;
			productType = "com.apple.product-type.bundle.ui-testing";
		};
/* End PBXNativeTarget section */

/* Begin PBXProject section */
		73828C10256BD22400235EFF /* Project object */ = {
			isa = PBXProject;
			attributes = {
				LastSwiftUpdateCheck = 1210;
				LastUpgradeCheck = 1210;
				TargetAttributes = {
					73828C17256BD22400235EFF = {
						CreatedOnToolsVersion = 12.1;
					};
					73828C2D256BD22A00235EFF = {
						CreatedOnToolsVersion = 12.1;
						TestTargetID = 73828C17256BD22400235EFF;
					};
					73828C38256BD22A00235EFF = {
						CreatedOnToolsVersion = 12.1;
						TestTargetID = 73828C17256BD22400235EFF;
					};
				};
			};
			buildConfigurationList = 73828C13256BD22400235EFF /* Build configuration list for PBXProject "MVVMRxSwiftTest" */;
			compatibilityVersion = "Xcode 9.3";
			developmentRegion = en;
			hasScannedForEncodings = 0;
			knownRegions = (
				en,
				Base,
			);
			mainGroup = 73828C0F256BD22400235EFF;
			productRefGroup = 73828C19256BD22400235EFF /* Products */;
			projectDirPath = "";
			projectRoot = "";
			targets = (
				73828C17256BD22400235EFF /* MVVMRxSwiftTest */,
				73828C2D256BD22A00235EFF /* MVVMRxSwiftTestTests */,
				73828C38256BD22A00235EFF /* MVVMRxSwiftTestUITests */,
			);
		};
/* End PBXProject section */

/* Begin PBXResourcesBuildPhase section */
		73828C16256BD22400235EFF /* Resources */ = {
			isa = PBXResourcesBuildPhase;
			buildActionMask = 2147483647;
			files = (
				73828C28256BD22A00235EFF /* LaunchScreen.storyboard in Resources */,
				73828C25256BD22A00235EFF /* Assets.xcassets in Resources */,
				73828C23256BD22400235EFF /* Main.storyboard in Resources */,
			);
			runOnlyForDeploymentPostprocessing = 0;
		};
		73828C2C256BD22A00235EFF /* Resources */ = {
			isa = PBXResourcesBuildPhase;
			buildActionMask = 2147483647;
			files = (
			);
			runOnlyForDeploymentPostprocessing = 0;
		};
		73828C37256BD22A00235EFF /* Resources */ = {
			isa = PBXResourcesBuildPhase;
			buildActionMask = 2147483647;
			files = (
			);
			runOnlyForDeploymentPostprocessing = 0;
		};
/* End PBXResourcesBuildPhase section */

/* Begin PBXShellScriptBuildPhase section */
		1D062BC4DDD8848577498F0E /* [CP] Embed Pods Frameworks */ = {
			isa = PBXShellScriptBuildPhase;
			buildActionMask = 2147483647;
			files = (
			);
			inputFileListPaths = (
				"${PODS_ROOT}/Target Support Files/Pods-MVVMRxSwiftTestTests/Pods-MVVMRxSwiftTestTests-frameworks-${CONFIGURATION}-input-files.xcfilelist",
			);
			name = "[CP] Embed Pods Frameworks";
			outputFileListPaths = (
				"${PODS_ROOT}/Target Support Files/Pods-MVVMRxSwiftTestTests/Pods-MVVMRxSwiftTestTests-frameworks-${CONFIGURATION}-output-files.xcfilelist",
			);
			runOnlyForDeploymentPostprocessing = 0;
			shellPath = /bin/sh;
			shellScript = "\"${PODS_ROOT}/Target Support Files/Pods-MVVMRxSwiftTestTests/Pods-MVVMRxSwiftTestTests-frameworks.sh\"\n";
			showEnvVarsInLog = 0;
		};
		80EC5BBEC507E717C52C4660 /* [CP] Check Pods Manifest.lock */ = {
			isa = PBXShellScriptBuildPhase;
			buildActionMask = 2147483647;
			files = (
			);
			inputFileListPaths = (
			);
			inputPaths = (
				"${PODS_PODFILE_DIR_PATH}/Podfile.lock",
				"${PODS_ROOT}/Manifest.lock",
			);
			name = "[CP] Check Pods Manifest.lock";
			outputFileListPaths = (
			);
			outputPaths = (
				"$(DERIVED_FILE_DIR)/Pods-MVVMRxSwiftTest-checkManifestLockResult.txt",
			);
			runOnlyForDeploymentPostprocessing = 0;
			shellPath = /bin/sh;
			shellScript = "diff \"${PODS_PODFILE_DIR_PATH}/Podfile.lock\" \"${PODS_ROOT}/Manifest.lock\" > /dev/null\nif [ $? != 0 ] ; then\n    # print error to STDERR\n    echo \"error: The sandbox is not in sync with the Podfile.lock. Run 'pod install' or update your CocoaPods installation.\" >&2\n    exit 1\nfi\n# This output is used by Xcode 'outputs' to avoid re-running this script phase.\necho \"SUCCESS\" > \"${SCRIPT_OUTPUT_FILE_0}\"\n";
			showEnvVarsInLog = 0;
		};
		B6F610B73540EDB26B6EA403 /* [CP] Check Pods Manifest.lock */ = {
			isa = PBXShellScriptBuildPhase;
			buildActionMask = 2147483647;
			files = (
			);
			inputFileListPaths = (
			);
			inputPaths = (
				"${PODS_PODFILE_DIR_PATH}/Podfile.lock",
				"${PODS_ROOT}/Manifest.lock",
			);
			name = "[CP] Check Pods Manifest.lock";
			outputFileListPaths = (
			);
			outputPaths = (
				"$(DERIVED_FILE_DIR)/Pods-MVVMRxSwiftTestTests-checkManifestLockResult.txt",
			);
			runOnlyForDeploymentPostprocessing = 0;
			shellPath = /bin/sh;
			shellScript = "diff \"${PODS_PODFILE_DIR_PATH}/Podfile.lock\" \"${PODS_ROOT}/Manifest.lock\" > /dev/null\nif [ $? != 0 ] ; then\n    # print error to STDERR\n    echo \"error: The sandbox is not in sync with the Podfile.lock. Run 'pod install' or update your CocoaPods installation.\" >&2\n    exit 1\nfi\n# This output is used by Xcode 'outputs' to avoid re-running this script phase.\necho \"SUCCESS\" > \"${SCRIPT_OUTPUT_FILE_0}\"\n";
			showEnvVarsInLog = 0;
		};
		CBA0647716C95A5F613D298D /* [CP] Embed Pods Frameworks */ = {
			isa = PBXShellScriptBuildPhase;
			buildActionMask = 2147483647;
			files = (
			);
			inputFileListPaths = (
				"${PODS_ROOT}/Target Support Files/Pods-MVVMRxSwiftTest/Pods-MVVMRxSwiftTest-frameworks-${CONFIGURATION}-input-files.xcfilelist",
			);
			name = "[CP] Embed Pods Frameworks";
			outputFileListPaths = (
				"${PODS_ROOT}/Target Support Files/Pods-MVVMRxSwiftTest/Pods-MVVMRxSwiftTest-frameworks-${CONFIGURATION}-output-files.xcfilelist",
			);
			runOnlyForDeploymentPostprocessing = 0;
			shellPath = /bin/sh;
			shellScript = "\"${PODS_ROOT}/Target Support Files/Pods-MVVMRxSwiftTest/Pods-MVVMRxSwiftTest-frameworks.sh\"\n";
			showEnvVarsInLog = 0;
		};
/* End PBXShellScriptBuildPhase section */

/* Begin PBXSourcesBuildPhase section */
		73828C14256BD22400235EFF /* Sources */ = {
			isa = PBXSourcesBuildPhase;
			buildActionMask = 2147483647;
			files = (
				73828C20256BD22400235EFF /* CounterViewController.swift in Sources */,
				73828C5E256BD4E700235EFF /* CounterViewModel.swift in Sources */,
				73828C1C256BD22400235EFF /* AppDelegate.swift in Sources */,
				73828C1E256BD22400235EFF /* SceneDelegate.swift in Sources */,
			);
			runOnlyForDeploymentPostprocessing = 0;
		};
		73828C2A256BD22A00235EFF /* Sources */ = {
			isa = PBXSourcesBuildPhase;
			buildActionMask = 2147483647;
			files = (
				73828C33256BD22A00235EFF /* MVVMRxSwiftTestTests.swift in Sources */,
			);
			runOnlyForDeploymentPostprocessing = 0;
		};
		73828C35256BD22A00235EFF /* Sources */ = {
			isa = PBXSourcesBuildPhase;
			buildActionMask = 2147483647;
			files = (
				73828C3E256BD22A00235EFF /* MVVMRxSwiftTestUITests.swift in Sources */,
			);
			runOnlyForDeploymentPostprocessing = 0;
		};
/* End PBXSourcesBuildPhase section */

/* Begin PBXTargetDependency section */
		73828C30256BD22A00235EFF /* PBXTargetDependency */ = {
			isa = PBXTargetDependency;
			target = 73828C17256BD22400235EFF /* MVVMRxSwiftTest */;
			targetProxy = 73828C2F256BD22A00235EFF /* PBXContainerItemProxy */;
		};
		73828C3B256BD22A00235EFF /* PBXTargetDependency */ = {
			isa = PBXTargetDependency;
			target = 73828C17256BD22400235EFF /* MVVMRxSwiftTest */;
			targetProxy = 73828C3A256BD22A00235EFF /* PBXContainerItemProxy */;
		};
/* End PBXTargetDependency section */

/* Begin PBXVariantGroup section */
		73828C21256BD22400235EFF /* Main.storyboard */ = {
			isa = PBXVariantGroup;
			children = (
				73828C22256BD22400235EFF /* Base */,
			);
			name = Main.storyboard;
			sourceTree = "<group>";
		};
		73828C26256BD22A00235EFF /* LaunchScreen.storyboard */ = {
			isa = PBXVariantGroup;
			children = (
				73828C27256BD22A00235EFF /* Base */,
			);
			name = LaunchScreen.storyboard;
			sourceTree = "<group>";
		};
/* End PBXVariantGroup section */

/* Begin XCBuildConfiguration section */
		73828C40256BD22A00235EFF /* Debug */ = {
			isa = XCBuildConfiguration;
			buildSettings = {
				ALWAYS_SEARCH_USER_PATHS = NO;
				CLANG_ANALYZER_NONNULL = YES;
				CLANG_ANALYZER_NUMBER_OBJECT_CONVERSION = YES_AGGRESSIVE;
				CLANG_CXX_LANGUAGE_STANDARD = "gnu++14";
				CLANG_CXX_LIBRARY = "libc++";
				CLANG_ENABLE_MODULES = YES;
				CLANG_ENABLE_OBJC_ARC = YES;
				CLANG_ENABLE_OBJC_WEAK = YES;
				CLANG_WARN_BLOCK_CAPTURE_AUTORELEASING = YES;
				CLANG_WARN_BOOL_CONVERSION = YES;
				CLANG_WARN_COMMA = YES;
				CLANG_WARN_CONSTANT_CONVERSION = YES;
				CLANG_WARN_DEPRECATED_OBJC_IMPLEMENTATIONS = YES;
				CLANG_WARN_DIRECT_OBJC_ISA_USAGE = YES_ERROR;
				CLANG_WARN_DOCUMENTATION_COMMENTS = YES;
				CLANG_WARN_EMPTY_BODY = YES;
				CLANG_WARN_ENUM_CONVERSION = YES;
				CLANG_WARN_INFINITE_RECURSION = YES;
				CLANG_WARN_INT_CONVERSION = YES;
				CLANG_WARN_NON_LITERAL_NULL_CONVERSION = YES;
				CLANG_WARN_OBJC_IMPLICIT_RETAIN_SELF = YES;
				CLANG_WARN_OBJC_LITERAL_CONVERSION = YES;
				CLANG_WARN_OBJC_ROOT_CLASS = YES_ERROR;
				CLANG_WARN_QUOTED_INCLUDE_IN_FRAMEWORK_HEADER = YES;
				CLANG_WARN_RANGE_LOOP_ANALYSIS = YES;
				CLANG_WARN_STRICT_PROTOTYPES = YES;
				CLANG_WARN_SUSPICIOUS_MOVE = YES;
				CLANG_WARN_UNGUARDED_AVAILABILITY = YES_AGGRESSIVE;
				CLANG_WARN_UNREACHABLE_CODE = YES;
				CLANG_WARN__DUPLICATE_METHOD_MATCH = YES;
				COPY_PHASE_STRIP = NO;
				DEBUG_INFORMATION_FORMAT = dwarf;
				ENABLE_STRICT_OBJC_MSGSEND = YES;
				ENABLE_TESTABILITY = YES;
				GCC_C_LANGUAGE_STANDARD = gnu11;
				GCC_DYNAMIC_NO_PIC = NO;
				GCC_NO_COMMON_BLOCKS = YES;
				GCC_OPTIMIZATION_LEVEL = 0;
				GCC_PREPROCESSOR_DEFINITIONS = (
					"DEBUG=1",
					"$(inherited)",
				);
				GCC_WARN_64_TO_32_BIT_CONVERSION = YES;
				GCC_WARN_ABOUT_RETURN_TYPE = YES_ERROR;
				GCC_WARN_UNDECLARED_SELECTOR = YES;
				GCC_WARN_UNINITIALIZED_AUTOS = YES_AGGRESSIVE;
				GCC_WARN_UNUSED_FUNCTION = YES;
				GCC_WARN_UNUSED_VARIABLE = YES;
				IPHONEOS_DEPLOYMENT_TARGET = 14.1;
				MTL_ENABLE_DEBUG_INFO = INCLUDE_SOURCE;
				MTL_FAST_MATH = YES;
				ONLY_ACTIVE_ARCH = YES;
				SDKROOT = iphoneos;
				SWIFT_ACTIVE_COMPILATION_CONDITIONS = DEBUG;
				SWIFT_OPTIMIZATION_LEVEL = "-Onone";
			};
			name = Debug;
		};
		73828C41256BD22A00235EFF /* Release */ = {
			isa = XCBuildConfiguration;
			buildSettings = {
				ALWAYS_SEARCH_USER_PATHS = NO;
				CLANG_ANALYZER_NONNULL = YES;
				CLANG_ANALYZER_NUMBER_OBJECT_CONVERSION = YES_AGGRESSIVE;
				CLANG_CXX_LANGUAGE_STANDARD = "gnu++14";
				CLANG_CXX_LIBRARY = "libc++";
				CLANG_ENABLE_MODULES = YES;
				CLANG_ENABLE_OBJC_ARC = YES;
				CLANG_ENABLE_OBJC_WEAK = YES;
				CLANG_WARN_BLOCK_CAPTURE_AUTORELEASING = YES;
				CLANG_WARN_BOOL_CONVERSION = YES;
				CLANG_WARN_COMMA = YES;
				CLANG_WARN_CONSTANT_CONVERSION = YES;
				CLANG_WARN_DEPRECATED_OBJC_IMPLEMENTATIONS = YES;
				CLANG_WARN_DIRECT_OBJC_ISA_USAGE = YES_ERROR;
				CLANG_WARN_DOCUMENTATION_COMMENTS = YES;
				CLANG_WARN_EMPTY_BODY = YES;
				CLANG_WARN_ENUM_CONVERSION = YES;
				CLANG_WARN_INFINITE_RECURSION = YES;
				CLANG_WARN_INT_CONVERSION = YES;
				CLANG_WARN_NON_LITERAL_NULL_CONVERSION = YES;
				CLANG_WARN_OBJC_IMPLICIT_RETAIN_SELF = YES;
				CLANG_WARN_OBJC_LITERAL_CONVERSION = YES;
				CLANG_WARN_OBJC_ROOT_CLASS = YES_ERROR;
				CLANG_WARN_QUOTED_INCLUDE_IN_FRAMEWORK_HEADER = YES;
				CLANG_WARN_RANGE_LOOP_ANALYSIS = YES;
				CLANG_WARN_STRICT_PROTOTYPES = YES;
				CLANG_WARN_SUSPICIOUS_MOVE = YES;
				CLANG_WARN_UNGUARDED_AVAILABILITY = YES_AGGRESSIVE;
				CLANG_WARN_UNREACHABLE_CODE = YES;
				CLANG_WARN__DUPLICATE_METHOD_MATCH = YES;
				COPY_PHASE_STRIP = NO;
				DEBUG_INFORMATION_FORMAT = "dwarf-with-dsym";
				ENABLE_NS_ASSERTIONS = NO;
				ENABLE_STRICT_OBJC_MSGSEND = YES;
				GCC_C_LANGUAGE_STANDARD = gnu11;
				GCC_NO_COMMON_BLOCKS = YES;
				GCC_WARN_64_TO_32_BIT_CONVERSION = YES;
				GCC_WARN_ABOUT_RETURN_TYPE = YES_ERROR;
				GCC_WARN_UNDECLARED_SELECTOR = YES;
				GCC_WARN_UNINITIALIZED_AUTOS = YES_AGGRESSIVE;
				GCC_WARN_UNUSED_FUNCTION = YES;
				GCC_WARN_UNUSED_VARIABLE = YES;
				IPHONEOS_DEPLOYMENT_TARGET = 14.1;
				MTL_ENABLE_DEBUG_INFO = NO;
				MTL_FAST_MATH = YES;
				SDKROOT = iphoneos;
				SWIFT_COMPILATION_MODE = wholemodule;
				SWIFT_OPTIMIZATION_LEVEL = "-O";
				VALIDATE_PRODUCT = YES;
			};
			name = Release;
		};
		73828C43256BD22A00235EFF /* Debug */ = {
			isa = XCBuildConfiguration;
			baseConfigurationReference = 75AC9D779D2F3B4942726F9D /* Pods-MVVMRxSwiftTest.debug.xcconfig */;
			buildSettings = {
				ASSETCATALOG_COMPILER_APPICON_NAME = AppIcon;
				ASSETCATALOG_COMPILER_GLOBAL_ACCENT_COLOR_NAME = AccentColor;
				CODE_SIGN_STYLE = Automatic;
				DEVELOPMENT_TEAM = QL936YF39M;
				INFOPLIST_FILE = MVVMRxSwiftTest/Info.plist;
				LD_RUNPATH_SEARCH_PATHS = (
					"$(inherited)",
					"@executable_path/Frameworks",
				);
				PRODUCT_BUNDLE_IDENTIFIER = com.Qussk.Gangnam.MVVMRxSwiftTest;
				PRODUCT_NAME = "$(TARGET_NAME)";
				SWIFT_VERSION = 5.0;
				TARGETED_DEVICE_FAMILY = "1,2";
			};
			name = Debug;
		};
		73828C44256BD22A00235EFF /* Release */ = {
			isa = XCBuildConfiguration;
			baseConfigurationReference = D04CBCC3958BF658E9625821 /* Pods-MVVMRxSwiftTest.release.xcconfig */;
			buildSettings = {
				ASSETCATALOG_COMPILER_APPICON_NAME = AppIcon;
				ASSETCATALOG_COMPILER_GLOBAL_ACCENT_COLOR_NAME = AccentColor;
				CODE_SIGN_STYLE = Automatic;
				DEVELOPMENT_TEAM = QL936YF39M;
				INFOPLIST_FILE = MVVMRxSwiftTest/Info.plist;
				LD_RUNPATH_SEARCH_PATHS = (
					"$(inherited)",
					"@executable_path/Frameworks",
				);
				PRODUCT_BUNDLE_IDENTIFIER = com.Qussk.Gangnam.MVVMRxSwiftTest;
				PRODUCT_NAME = "$(TARGET_NAME)";
				SWIFT_VERSION = 5.0;
				TARGETED_DEVICE_FAMILY = "1,2";
			};
			name = Release;
		};
		73828C46256BD22A00235EFF /* Debug */ = {
			isa = XCBuildConfiguration;
			baseConfigurationReference = 0C62E2B5BFF11EA081E6ACD9 /* Pods-MVVMRxSwiftTestTests.debug.xcconfig */;
			buildSettings = {
				ALWAYS_EMBED_SWIFT_STANDARD_LIBRARIES = YES;
				BUNDLE_LOADER = "$(TEST_HOST)";
				CODE_SIGN_STYLE = Automatic;
				DEVELOPMENT_TEAM = QL936YF39M;
				INFOPLIST_FILE = MVVMRxSwiftTestTests/Info.plist;
				IPHONEOS_DEPLOYMENT_TARGET = 14.1;
				LD_RUNPATH_SEARCH_PATHS = (
					"$(inherited)",
					"@executable_path/Frameworks",
					"@loader_path/Frameworks",
				);
				PRODUCT_BUNDLE_IDENTIFIER = com.Qussk.Gangnam.MVVMRxSwiftTestTests;
				PRODUCT_NAME = "$(TARGET_NAME)";
				SWIFT_VERSION = 5.0;
				TARGETED_DEVICE_FAMILY = "1,2";
				TEST_HOST = "$(BUILT_PRODUCTS_DIR)/MVVMRxSwiftTest.app/MVVMRxSwiftTest";
			};
			name = Debug;
		};
		73828C47256BD22A00235EFF /* Release */ = {
			isa = XCBuildConfiguration;
			baseConfigurationReference = 8ED045ED34C18E285A360A63 /* Pods-MVVMRxSwiftTestTests.release.xcconfig */;
			buildSettings = {
				ALWAYS_EMBED_SWIFT_STANDARD_LIBRARIES = YES;
				BUNDLE_LOADER = "$(TEST_HOST)";
				CODE_SIGN_STYLE = Automatic;
				DEVELOPMENT_TEAM = QL936YF39M;
				INFOPLIST_FILE = MVVMRxSwiftTestTests/Info.plist;
				IPHONEOS_DEPLOYMENT_TARGET = 14.1;
				LD_RUNPATH_SEARCH_PATHS = (
					"$(inherited)",
					"@executable_path/Frameworks",
					"@loader_path/Frameworks",
				);
				PRODUCT_BUNDLE_IDENTIFIER = com.Qussk.Gangnam.MVVMRxSwiftTestTests;
				PRODUCT_NAME = "$(TARGET_NAME)";
				SWIFT_VERSION = 5.0;
				TARGETED_DEVICE_FAMILY = "1,2";
				TEST_HOST = "$(BUILT_PRODUCTS_DIR)/MVVMRxSwiftTest.app/MVVMRxSwiftTest";
			};
			name = Release;
		};
		73828C49256BD22A00235EFF /* Debug */ = {
			isa = XCBuildConfiguration;
			buildSettings = {
				ALWAYS_EMBED_SWIFT_STANDARD_LIBRARIES = YES;
				CODE_SIGN_STYLE = Automatic;
				DEVELOPMENT_TEAM = QL936YF39M;
				INFOPLIST_FILE = MVVMRxSwiftTestUITests/Info.plist;
				LD_RUNPATH_SEARCH_PATHS = (
					"$(inherited)",
					"@executable_path/Frameworks",
					"@loader_path/Frameworks",
				);
				PRODUCT_BUNDLE_IDENTIFIER = com.Qussk.Gangnam.MVVMRxSwiftTestUITests;
				PRODUCT_NAME = "$(TARGET_NAME)";
				SWIFT_VERSION = 5.0;
				TARGETED_DEVICE_FAMILY = "1,2";
				TEST_TARGET_NAME = MVVMRxSwiftTest;
			};
			name = Debug;
		};
		73828C4A256BD22A00235EFF /* Release */ = {
			isa = XCBuildConfiguration;
			buildSettings = {
				ALWAYS_EMBED_SWIFT_STANDARD_LIBRARIES = YES;
				CODE_SIGN_STYLE = Automatic;
				DEVELOPMENT_TEAM = QL936YF39M;
				INFOPLIST_FILE = MVVMRxSwiftTestUITests/Info.plist;
				LD_RUNPATH_SEARCH_PATHS = (
					"$(inherited)",
					"@executable_path/Frameworks",
					"@loader_path/Frameworks",
				);
				PRODUCT_BUNDLE_IDENTIFIER = com.Qussk.Gangnam.MVVMRxSwiftTestUITests;
				PRODUCT_NAME = "$(TARGET_NAME)";
				SWIFT_VERSION = 5.0;
				TARGETED_DEVICE_FAMILY = "1,2";
				TEST_TARGET_NAME = MVVMRxSwiftTest;
			};
			name = Release;
		};
/* End XCBuildConfiguration section */

/* Begin XCConfigurationList section */
		73828C13256BD22400235EFF /* Build configuration list for PBXProject "MVVMRxSwiftTest" */ = {
			isa = XCConfigurationList;
			buildConfigurations = (
				73828C40256BD22A00235EFF /* Debug */,
				73828C41256BD22A00235EFF /* Release */,
			);
			defaultConfigurationIsVisible = 0;
			defaultConfigurationName = Release;
		};
		73828C42256BD22A00235EFF /* Build configuration list for PBXNativeTarget "MVVMRxSwiftTest" */ = {
			isa = XCConfigurationList;
			buildConfigurations = (
				73828C43256BD22A00235EFF /* Debug */,
				73828C44256BD22A00235EFF /* Release */,
			);
			defaultConfigurationIsVisible = 0;
			defaultConfigurationName = Release;
		};
		73828C45256BD22A00235EFF /* Build configuration list for PBXNativeTarget "MVVMRxSwiftTestTests" */ = {
			isa = XCConfigurationList;
			buildConfigurations = (
				73828C46256BD22A00235EFF /* Debug */,
				73828C47256BD22A00235EFF /* Release */,
			);
			defaultConfigurationIsVisible = 0;
			defaultConfigurationName = Release;
		};
		73828C48256BD22A00235EFF /* Build configuration list for PBXNativeTarget "MVVMRxSwiftTestUITests" */ = {
			isa = XCConfigurationList;
			buildConfigurations = (
				73828C49256BD22A00235EFF /* Debug */,
				73828C4A256BD22A00235EFF /* Release */,
			);
			defaultConfigurationIsVisible = 0;
			defaultConfigurationName = Release;
		};
/* End XCConfigurationList section */
	};
	rootObject = 73828C10256BD22400235EFF /* Project object */;
}
